
Microsoft Visual Studio Solution File, Format Version 12.00
# Visual Studio Version 16
VisualStudioVersion = 16.0.33027.164
MinimumVisualStudioVersion = 10.0.40219.1
Project("{FAE04EC0-301F-11D3-BF4B-00C04F79EFBC}") = "4-static-class", "4-static-class.csproj", "{B29F74D3-4385-4B5E-B53C-BC2C965B97C1}"
EndProject
Global
	GlobalSection(SolutionConfigurationPlatforms) = preSolution
		Debug|Any CPU = Debug|Any CPU
		Release|Any CPU = Release|Any CPU
	EndGlobalSection
	GlobalSection(ProjectConfigurationPlatforms) = postSolution
		{B29F74D3-4385-4B5E-B53C-BC2C965B97C1}.Debug|Any CPU.ActiveCfg = Debug|Any CPU
		{B29F74D3-4385-4B5E-B53C-BC2C965B97C1}.Debug|Any CPU.Build.0 = Debug|Any CPU
		{B29F74D3-4385-4B5E-B53C-BC2C965B97C1}.Release|Any CPU.ActiveCfg = Release|Any CPU
		{B29F74D3-4385-4B5E-B53C-BC2C965B97C1}.Release|Any CPU.Build.0 = Release|Any CPU
	EndGlobalSection
	GlobalSection(SolutionProperties) = preSolution
		HideSolutionNode = FALSE
	EndGlobalSection
	GlobalSection(ExtensibilityGlobals) = postSolution
		SolutionGuid = {809C248E-DF3B-4996-8A43-D4DD3180BBE8}
	EndGlobalSection
EndGlobal
