
Microsoft Visual Studio Solution File, Format Version 12.00
# Visual Studio Version 16
VisualStudioVersion = 16.0.33027.164
MinimumVisualStudioVersion = 10.0.40219.1
Project("{FAE04EC0-301F-11D3-BF4B-00C04F79EFBC}") = "1-datatypes-introduction", "1-datatypes-introduction.csproj", "{EE3BCF09-D5AB-4A7E-BDF6-3529B7D5164C}"
EndProject
Global
	GlobalSection(SolutionConfigurationPlatforms) = preSolution
		Debug|Any CPU = Debug|Any CPU
		Release|Any CPU = Release|Any CPU
	EndGlobalSection
	GlobalSection(ProjectConfigurationPlatforms) = postSolution
		{EE3BCF09-D5AB-4A7E-BDF6-3529B7D5164C}.Debug|Any CPU.ActiveCfg = Debug|Any CPU
		{EE3BCF09-D5AB-4A7E-BDF6-3529B7D5164C}.Debug|Any CPU.Build.0 = Debug|Any CPU
		{EE3BCF09-D5AB-4A7E-BDF6-3529B7D5164C}.Release|Any CPU.ActiveCfg = Release|Any CPU
		{EE3BCF09-D5AB-4A7E-BDF6-3529B7D5164C}.Release|Any CPU.Build.0 = Release|Any CPU
	EndGlobalSection
	GlobalSection(SolutionProperties) = preSolution
		HideSolutionNode = FALSE
	EndGlobalSection
	GlobalSection(ExtensibilityGlobals) = postSolution
		SolutionGuid = {1C9F85B5-C6CA-4156-812D-69D46E3C4C6F}
	EndGlobalSection
EndGlobal
