
Microsoft Visual Studio Solution File, Format Version 12.00
# Visual Studio Version 16
VisualStudioVersion = 16.0.33027.164
MinimumVisualStudioVersion = 10.0.40219.1
Project("{FAE04EC0-301F-11D3-BF4B-00C04F79EFBC}") = "7-static-class-methods-constructors-fields", "7-static-class-methods-constructors-fields.csproj", "{BFE5EB97-71F2-4339-B41F-313AAD1B16E0}"
EndProject
Global
	GlobalSection(SolutionConfigurationPlatforms) = preSolution
		Debug|Any CPU = Debug|Any CPU
		Release|Any CPU = Release|Any CPU
	EndGlobalSection
	GlobalSection(ProjectConfigurationPlatforms) = postSolution
		{BFE5EB97-71F2-4339-B41F-313AAD1B16E0}.Debug|Any CPU.ActiveCfg = Debug|Any CPU
		{BFE5EB97-71F2-4339-B41F-313AAD1B16E0}.Debug|Any CPU.Build.0 = Debug|Any CPU
		{BFE5EB97-71F2-4339-B41F-313AAD1B16E0}.Release|Any CPU.ActiveCfg = Release|Any CPU
		{BFE5EB97-71F2-4339-B41F-313AAD1B16E0}.Release|Any CPU.Build.0 = Release|Any CPU
	EndGlobalSection
	GlobalSection(SolutionProperties) = preSolution
		HideSolutionNode = FALSE
	EndGlobalSection
	GlobalSection(ExtensibilityGlobals) = postSolution
		SolutionGuid = {E948857C-A1DA-42A5-AFB0-ADC618BF921D}
	EndGlobalSection
EndGlobal
