
Microsoft Visual Studio Solution File, Format Version 12.00
# Visual Studio Version 16
VisualStudioVersion = 16.0.33027.164
MinimumVisualStudioVersion = 10.0.40219.1
Project("{FAE04EC0-301F-11D3-BF4B-00C04F79EFBC}") = "11-interface", "11-interface.csproj", "{9695FF37-396D-49D1-85C3-16A484478478}"
EndProject
Global
	GlobalSection(SolutionConfigurationPlatforms) = preSolution
		Debug|Any CPU = Debug|Any CPU
		Release|Any CPU = Release|Any CPU
	EndGlobalSection
	GlobalSection(ProjectConfigurationPlatforms) = postSolution
		{9695FF37-396D-49D1-85C3-16A484478478}.Debug|Any CPU.ActiveCfg = Debug|Any CPU
		{9695FF37-396D-49D1-85C3-16A484478478}.Debug|Any CPU.Build.0 = Debug|Any CPU
		{9695FF37-396D-49D1-85C3-16A484478478}.Release|Any CPU.ActiveCfg = Release|Any CPU
		{9695FF37-396D-49D1-85C3-16A484478478}.Release|Any CPU.Build.0 = Release|Any CPU
	EndGlobalSection
	GlobalSection(SolutionProperties) = preSolution
		HideSolutionNode = FALSE
	EndGlobalSection
	GlobalSection(ExtensibilityGlobals) = postSolution
		SolutionGuid = {7DFBCFB5-5AC5-4D9A-BCFE-8C67EC55E512}
	EndGlobalSection
EndGlobal
